// !$*UTF8*$!
{
	archiveVersion = 1;
	classes = {
	};
	objectVersion = 46;
	objects = {

/* Begin PBXBuildFile section */
		BEB6041D1B66A2B100ED2A5D /* AppDelegate.swift in Sources */ = {isa = PBXBuildFile; fileRef = BEB6041C1B66A2B100ED2A5D /* AppDelegate.swift */; };
		BEB6041F1B66A2B100ED2A5D /* ViewController.swift in Sources */ = {isa = PBXBuildFile; fileRef = BEB6041E1B66A2B100ED2A5D /* ViewController.swift */; };
		BEB604221B66A2B100ED2A5D /* Main.storyboard in Resources */ = {isa = PBXBuildFile; fileRef = BEB604201B66A2B100ED2A5D /* Main.storyboard */; };
		BEB604241B66A2B100ED2A5D /* Images.xcassets in Resources */ = {isa = PBXBuildFile; fileRef = BEB604231B66A2B100ED2A5D /* Images.xcassets */; };
		BEB604271B66A2B100ED2A5D /* LaunchScreen.xib in Resources */ = {isa = PBXBuildFile; fileRef = BEB604251B66A2B100ED2A5D /* LaunchScreen.xib */; };
		BEB604331B66A2B100ED2A5D /* AutoLayoutExampleTests.swift in Sources */ = {isa = PBXBuildFile; fileRef = BEB604321B66A2B100ED2A5D /* AutoLayoutExampleTests.swift */; };
/* End PBXBuildFile section */

/* Begin PBXContainerItemProxy section */
		BEB6042D1B66A2B100ED2A5D /* PBXContainerItemProxy */ = {
			isa = PBXContainerItemProxy;
			containerPortal = BEB6040F1B66A2B100ED2A5D /* Project object */;
			proxyType = 1;
			remoteGlobalIDString = BEB604161B66A2B100ED2A5D;
			remoteInfo = AutoLayoutExample;
		};
/* End PBXContainerItemProxy section */

/* Begin PBXFileReference section */
		BEB604171B66A2B100ED2A5D /* AutoLayoutExample.app */ = {isa = PBXFileReference; explicitFileType = wrapper.application; includeInIndex = 0; path = AutoLayoutExample.app; sourceTree = BUILT_PRODUCTS_DIR; };
		BEB6041B1B66A2B100ED2A5D /* Info.plist */ = {isa = PBXFileReference; lastKnownFileType = text.plist.xml; path = Info.plist; sourceTree = "<group>"; };
		BEB6041C1B66A2B100ED2A5D /* AppDelegate.swift */ = {isa = PBXFileReference; lastKnownFileType = sourcecode.swift; path = AppDelegate.swift; sourceTree = "<group>"; };
		BEB6041E1B66A2B100ED2A5D /* ViewController.swift */ = {isa = PBXFileReference; lastKnownFileType = sourcecode.swift; path = ViewController.swift; sourceTree = "<group>"; };
		BEB604211B66A2B100ED2A5D /* Base */ = {isa = PBXFileReference; lastKnownFileType = file.storyboard; name = Base; path = Base.lproj/Main.storyboard; sourceTree = "<group>"; };
		BEB604231B66A2B100ED2A5D /* Images.xcassets */ = {isa = PBXFileReference; lastKnownFileType = folder.assetcatalog; path = Images.xcassets; sourceTree = "<group>"; };
		BEB604261B66A2B100ED2A5D /* Base */ = {isa = PBXFileReference; lastKnownFileType = file.xib; name = Base; path = Base.lproj/LaunchScreen.xib; sourceTree = "<group>"; };
		BEB6042C1B66A2B100ED2A5D /* AutoLayoutExampleTests.xctest */ = {isa = PBXFileReference; explicitFileType = wrapper.cfbundle; includeInIndex = 0; path = AutoLayoutExampleTests.xctest; sourceTree = BUILT_PRODUCTS_DIR; };
		BEB604311B66A2B100ED2A5D /* Info.plist */ = {isa = PBXFileReference; lastKnownFileType = text.plist.xml; path = Info.plist; sourceTree = "<group>"; };
		BEB604321B66A2B100ED2A5D /* AutoLayoutExampleTests.swift */ = {isa = PBXFileReference; lastKnownFileType = sourcecode.swift; path = AutoLayoutExampleTests.swift; sourceTree = "<group>"; };
/* End PBXFileReference section */

/* Begin PBXFrameworksBuildPhase section */
		BEB604141B66A2B100ED2A5D /* Frameworks */ = {
			isa = PBXFrameworksBuildPhase;
			buildActionMask = 2147483647;
			files = (
			);
			runOnlyForDeploymentPostprocessing = 0;
		};
		BEB604291B66A2B100ED2A5D /* Frameworks */ = {
			isa = PBXFrameworksBuildPhase;
			buildActionMask = 2147483647;
			files = (
			);
			runOnlyForDeploymentPostprocessing = 0;
		};
/* End PBXFrameworksBuildPhase section */

/* Begin PBXGroup section */
		BEB6040E1B66A2B100ED2A5D = {
			isa = PBXGroup;
			children = (
				BEB604191B66A2B100ED2A5D /* AutoLayoutExample */,
				BEB6042F1B66A2B100ED2A5D /* AutoLayoutExampleTests */,
				BEB604181B66A2B100ED2A5D /* Products */,
			);
			sourceTree = "<group>";
		};
		BEB604181B66A2B100ED2A5D /* Products */ = {
			isa = PBXGroup;
			children = (
				BEB604171B66A2B100ED2A5D /* AutoLayoutExample.app */,
				BEB6042C1B66A2B100ED2A5D /* AutoLayoutExampleTests.xctest */,
			);
			name = Products;
			sourceTree = "<group>";
		};
		BEB604191B66A2B100ED2A5D /* AutoLayoutExample */ = {
			isa = PBXGroup;
			children = (
				BEB6041C1B66A2B100ED2A5D /* AppDelegate.swift */,
				BEB6041E1B66A2B100ED2A5D /* ViewController.swift */,
				BEB604201B66A2B100ED2A5D /* Main.storyboard */,
				BEB604231B66A2B100ED2A5D /* Images.xcassets */,
				BEB604251B66A2B100ED2A5D /* LaunchScreen.xib */,
				BEB6041A1B66A2B100ED2A5D /* Supporting Files */,
			);
			path = AutoLayoutExample;
			sourceTree = "<group>";
		};
		BEB6041A1B66A2B100ED2A5D /* Supporting Files */ = {
			isa = PBXGroup;
			children = (
				BEB6041B1B66A2B100ED2A5D /* Info.plist */,
			);
			name = "Supporting Files";
			sourceTree = "<group>";
		};
		BEB6042F1B66A2B100ED2A5D /* AutoLayoutExampleTests */ = {
			isa = PBXGroup;
			children = (
				BEB604321B66A2B100ED2A5D /* AutoLayoutExampleTests.swift */,
				BEB604301B66A2B100ED2A5D /* Supporting Files */,
			);
			path = AutoLayoutExampleTests;
			sourceTree = "<group>";
		};
		BEB604301B66A2B100ED2A5D /* Supporting Files */ = {
			isa = PBXGroup;
			children = (
				BEB604311B66A2B100ED2A5D /* Info.plist */,
			);
			name = "Supporting Files";
			sourceTree = "<group>";
		};
/* End PBXGroup section */

/* Begin PBXNativeTarget section */
		BEB604161B66A2B100ED2A5D /* AutoLayoutExample */ = {
			isa = PBXNativeTarget;
			buildConfigurationList = BEB604361B66A2B100ED2A5D /* Build configuration list for PBXNativeTarget "AutoLayoutExample" */;
			buildPhases = (
				BEB604131B66A2B100ED2A5D /* Sources */,
				BEB604141B66A2B100ED2A5D /* Frameworks */,
				BEB604151B66A2B100ED2A5D /* Resources */,
			);
			buildRules = (
			);
			dependencies = (
			);
			name = AutoLayoutExample;
			productName = AutoLayoutExample;
			productReference = BEB604171B66A2B100ED2A5D /* AutoLayoutExample.app */;
			productType = "com.apple.product-type.application";
		};
		BEB6042B1B66A2B100ED2A5D /* AutoLayoutExampleTests */ = {
			isa = PBXNativeTarget;
			buildConfigurationList = BEB604391B66A2B100ED2A5D /* Build configuration list for PBXNativeTarget "AutoLayoutExampleTests" */;
			buildPhases = (
				BEB604281B66A2B100ED2A5D /* Sources */,
				BEB604291B66A2B100ED2A5D /* Frameworks */,
				BEB6042A1B66A2B100ED2A5D /* Resources */,
			);
			buildRules = (
			);
			dependencies = (
				BEB6042E1B66A2B100ED2A5D /* PBXTargetDependency */,
			);
			name = AutoLayoutExampleTests;
			productName = AutoLayoutExampleTests;
			productReference = BEB6042C1B66A2B100ED2A5D /* AutoLayoutExampleTests.xctest */;
			productType = "com.apple.product-type.bundle.unit-test";
		};
/* End PBXNativeTarget section */

/* Begin PBXProject section */
		BEB6040F1B66A2B100ED2A5D /* Project object */ = {
			isa = PBXProject;
			attributes = {
				LastUpgradeCheck = 0640;
				ORGANIZATIONNAME = "Jessica Lim";
				TargetAttributes = {
					BEB604161B66A2B100ED2A5D = {
						CreatedOnToolsVersion = 6.4;
					};
					BEB6042B1B66A2B100ED2A5D = {
						CreatedOnToolsVersion = 6.4;
						TestTargetID = BEB604161B66A2B100ED2A5D;
					};
				};
			};
			buildConfigurationList = BEB604121B66A2B100ED2A5D /* Build configuration list for PBXProject "AutoLayoutExample" */;
			compatibilityVersion = "Xcode 3.2";
			developmentRegion = English;
			hasScannedForEncodings = 0;
			knownRegions = (
				en,
				Base,
			);
			mainGroup = BEB6040E1B66A2B100ED2A5D;
			productRefGroup = BEB604181B66A2B100ED2A5D /* Products */;
			projectDirPath = "";
			projectRoot = "";
			targets = (
				BEB604161B66A2B100ED2A5D /* AutoLayoutExample */,
				BEB6042B1B66A2B100ED2A5D /* AutoLayoutExampleTests */,
			);
		};
/* End PBXProject section */

/* Begin PBXResourcesBuildPhase section */
		BEB604151B66A2B100ED2A5D /* Resources */ = {
			isa = PBXResourcesBuildPhase;
			buildActionMask = 2147483647;
			files = (
				BEB604221B66A2B100ED2A5D /* Main.storyboard in Resources */,
				BEB604271B66A2B100ED2A5D /* LaunchScreen.xib in Resources */,
				BEB604241B66A2B100ED2A5D /* Images.xcassets in Resources */,
			);
			runOnlyForDeploymentPostprocessing = 0;
		};
		BEB6042A1B66A2B100ED2A5D /* Resources */ = {
			isa = PBXResourcesBuildPhase;
			buildActionMask = 2147483647;
			files = (
			);
			runOnlyForDeploymentPostprocessing = 0;
		};
/* End PBXResourcesBuildPhase section */

/* Begin PBXSourcesBuildPhase section */
		BEB604131B66A2B100ED2A5D /* Sources */ = {
			isa = PBXSourcesBuildPhase;
			buildActionMask = 2147483647;
			files = (
				BEB6041F1B66A2B100ED2A5D /* ViewController.swift in Sources */,
				BEB6041D1B66A2B100ED2A5D /* AppDelegate.swift in Sources */,
			);
			runOnlyForDeploymentPostprocessing = 0;
		};
		BEB604281B66A2B100ED2A5D /* Sources */ = {
			isa = PBXSourcesBuildPhase;
			buildActionMask = 2147483647;
			files = (
				BEB604331B66A2B100ED2A5D /* AutoLayoutExampleTests.swift in Sources */,
			);
			runOnlyForDeploymentPostprocessing = 0;
		};
/* End PBXSourcesBuildPhase section */

/* Begin PBXTargetDependency section */
		BEB6042E1B66A2B100ED2A5D /* PBXTargetDependency */ = {
			isa = PBXTargetDependency;
			target = BEB604161B66A2B100ED2A5D /* AutoLayoutExample */;
			targetProxy = BEB6042D1B66A2B100ED2A5D /* PBXContainerItemProxy */;
		};
/* End PBXTargetDependency section */

/* Begin PBXVariantGroup section */
		BEB604201B66A2B100ED2A5D /* Main.storyboard */ = {
			isa = PBXVariantGroup;
			children = (
				BEB604211B66A2B100ED2A5D /* Base */,
			);
			name = Main.storyboard;
			sourceTree = "<group>";
		};
		BEB604251B66A2B100ED2A5D /* LaunchScreen.xib */ = {
			isa = PBXVariantGroup;
			children = (
				BEB604261B66A2B100ED2A5D /* Base */,
			);
			name = LaunchScreen.xib;
			sourceTree = "<group>";
		};
/* End PBXVariantGroup section */

/* Begin XCBuildConfiguration section */
		BEB604341B66A2B100ED2A5D /* Debug */ = {
			isa = XCBuildConfiguration;
			buildSettings = {
				ALWAYS_SEARCH_USER_PATHS = NO;
				CLANG_CXX_LANGUAGE_STANDARD = "gnu++0x";
				CLANG_CXX_LIBRARY = "libc++";
				CLANG_ENABLE_MODULES = YES;
				CLANG_ENABLE_OBJC_ARC = YES;
				CLANG_WARN_BOOL_CONVERSION = YES;
				CLANG_WARN_CONSTANT_CONVERSION = YES;
				CLANG_WARN_DIRECT_OBJC_ISA_USAGE = YES_ERROR;
				CLANG_WARN_EMPTY_BODY = YES;
				CLANG_WARN_ENUM_CONVERSION = YES;
				CLANG_WARN_INT_CONVERSION = YES;
				CLANG_WARN_OBJC_ROOT_CLASS = YES_ERROR;
				CLANG_WARN_UNREACHABLE_CODE = YES;
				CLANG_WARN__DUPLICATE_METHOD_MATCH = YES;
				"CODE_SIGN_IDENTITY[sdk=iphoneos*]" = "iPhone Developer";
				COPY_PHASE_STRIP = NO;
				DEBUG_INFORMATION_FORMAT = "dwarf-with-dsym";
				ENABLE_STRICT_OBJC_MSGSEND = YES;
				GCC_C_LANGUAGE_STANDARD = gnu99;
				GCC_DYNAMIC_NO_PIC = NO;
				GCC_NO_COMMON_BLOCKS = YES;
				GCC_OPTIMIZATION_LEVEL = 0;
				GCC_PREPROCESSOR_DEFINITIONS = (
					"DEBUG=1",
					"$(inherited)",
				);
				GCC_SYMBOLS_PRIVATE_EXTERN = NO;
				GCC_WARN_64_TO_32_BIT_CONVERSION = YES;
				GCC_WARN_ABOUT_RETURN_TYPE = YES_ERROR;
				GCC_WARN_UNDECLARED_SELECTOR = YES;
				GCC_WARN_UNINITIALIZED_AUTOS = YES_AGGRESSIVE;
				GCC_WARN_UNUSED_FUNCTION = YES;
				GCC_WARN_UNUSED_VARIABLE = YES;
				IPHONEOS_DEPLOYMENT_TARGET = 8.4;
				MTL_ENABLE_DEBUG_INFO = YES;
				ONLY_ACTIVE_ARCH = YES;
				SDKROOT = iphoneos;
				SWIFT_OPTIMIZATION_LEVEL = "-Onone";
			};
			name = Debug;
		};
		BEB604351B66A2B100ED2A5D /* Release */ = {
			isa = XCBuildConfiguration;
			buildSettings = {
				ALWAYS_SEARCH_USER_PATHS = NO;
				CLANG_CXX_LANGUAGE_STANDARD = "gnu++0x";
				CLANG_CXX_LIBRARY = "libc++";
				CLANG_ENABLE_MODULES = YES;
				CLANG_ENABLE_OBJC_ARC = YES;
				CLANG_WARN_BOOL_CONVERSION = YES;
				CLANG_WARN_CONSTANT_CONVERSION = YES;
				CLANG_WARN_DIRECT_OBJC_ISA_USAGE = YES_ERROR;
				CLANG_WARN_EMPTY_BODY = YES;
				CLANG_WARN_ENUM_CONVERSION = YES;
				CLANG_WARN_INT_CONVERSION = YES;
				CLANG_WARN_OBJC_ROOT_CLASS = YES_ERROR;
				CLANG_WARN_UNREACHABLE_CODE = YES;
				CLANG_WARN__DUPLICATE_METHOD_MATCH = YES;
				"CODE_SIGN_IDENTITY[sdk=iphoneos*]" = "iPhone Developer";
				COPY_PHASE_STRIP = NO;
				DEBUG_INFORMATION_FORMAT = "dwarf-with-dsym";
				ENABLE_NS_ASSERTIONS = NO;
				ENABLE_STRICT_OBJC_MSGSEND = YES;
				GCC_C_LANGUAGE_STANDARD = gnu99;
				GCC_NO_COMMON_BLOCKS = YES;
				GCC_WARN_64_TO_32_BIT_CONVERSION = YES;
				GCC_WARN_ABOUT_RETURN_TYPE = YES_ERROR;
				GCC_WARN_UNDECLARED_SELECTOR = YES;
				GCC_WARN_UNINITIALIZED_AUTOS = YES_AGGRESSIVE;
				GCC_WARN_UNUSED_FUNCTION = YES;
				GCC_WARN_UNUSED_VARIABLE = YES;
				IPHONEOS_DEPLOYMENT_TARGET = 8.4;
				MTL_ENABLE_DEBUG_INFO = NO;
				SDKROOT = iphoneos;
				VALIDATE_PRODUCT = YES;
			};
			name = Release;
		};
		BEB604371B66A2B100ED2A5D /* Debug */ = {
			isa = XCBuildConfiguration;
			buildSettings = {
				ASSETCATALOG_COMPILER_APPICON_NAME = AppIcon;
				INFOPLIST_FILE = AutoLayoutExample/Info.plist;
				LD_RUNPATH_SEARCH_PATHS = "$(inherited) @executable_path/Frameworks";
				PRODUCT_NAME = "$(TARGET_NAME)";
			};
			name = Debug;
		};
		BEB604381B66A2B100ED2A5D /* Release */ = {
			isa = XCBuildConfiguration;
			buildSettings = {
				ASSETCATALOG_COMPILER_APPICON_NAME = AppIcon;
				INFOPLIST_FILE = AutoLayoutExample/Info.plist;
				LD_RUNPATH_SEARCH_PATHS = "$(inherited) @executable_path/Frameworks";
				PRODUCT_NAME = "$(TARGET_NAME)";
			};
			name = Release;
		};
		BEB6043A1B66A2B100ED2A5D /* Debug */ = {
			isa = XCBuildConfiguration;
			buildSettings = {
				BUNDLE_LOADER = "$(TEST_HOST)";
				FRAMEWORK_SEARCH_PATHS = (
					"$(SDKROOT)/Developer/Library/Frameworks",
					"$(inherited)",
				);
				GCC_PREPROCESSOR_DEFINITIONS = (
					"DEBUG=1",
					"$(inherited)",
				);
				INFOPLIST_FILE = AutoLayoutExampleTests/Info.plist;
				LD_RUNPATH_SEARCH_PATHS = "$(inherited) @executable_path/Frameworks @loader_path/Frameworks";
				PRODUCT_NAME = "$(TARGET_NAME)";
				TEST_HOST = "$(BUILT_PRODUCTS_DIR)/AutoLayoutExample.app/AutoLayoutExample";
			};
			name = Debug;
		};
		BEB6043B1B66A2B100ED2A5D /* Release */ = {
			isa = XCBuildConfiguration;
			buildSettings = {
				BUNDLE_LOADER = "$(TEST_HOST)";
				FRAMEWORK_SEARCH_PATHS = (
					"$(SDKROOT)/Developer/Library/Frameworks",
					"$(inherited)",
				);
				INFOPLIST_FILE = AutoLayoutExampleTests/Info.plist;
				LD_RUNPATH_SEARCH_PATHS = "$(inherited) @executable_path/Frameworks @loader_path/Frameworks";
				PRODUCT_NAME = "$(TARGET_NAME)";
				TEST_HOST = "$(BUILT_PRODUCTS_DIR)/AutoLayoutExample.app/AutoLayoutExample";
			};
			name = Release;
		};
/* End XCBuildConfiguration section */

/* Begin XCConfigurationList section */
		BEB604121B66A2B100ED2A5D /* Build configuration list for PBXProject "AutoLayoutExample" */ = {
			isa = XCConfigurationList;
			buildConfigurations = (
				BEB604341B66A2B100ED2A5D /* Debug */,
				BEB604351B66A2B100ED2A5D /* Release */,
			);
			defaultConfigurationIsVisible = 0;
			defaultConfigurationName = Release;
		};
		BEB604361B66A2B100ED2A5D /* Build configuration list for PBXNativeTarget "AutoLayoutExample" */ = {
			isa = XCConfigurationList;
			buildConfigurations = (
				BEB604371B66A2B100ED2A5D /* Debug */,
				BEB604381B66A2B100ED2A5D /* Release */,
			);
			defaultConfigurationIsVisible = 0;
		};
		BEB604391B66A2B100ED2A5D /* Build configuration list for PBXNativeTarget "AutoLayoutExampleTests" */ = {
			isa = XCConfigurationList;
			buildConfigurations = (
				BEB6043A1B66A2B100ED2A5D /* Debug */,
				BEB6043B1B66A2B100ED2A5D /* Release */,
			);
			defaultConfigurationIsVisible = 0;
		};
/* End XCConfigurationList section */
	};
	rootObject = BEB6040F1B66A2B100ED2A5D /* Project object */;
}
